
Microsoft Visual Studio Solution File, Format Version 12.00
# Visual Studio 15
VisualStudioVersion = 15.0.28307.1062
MinimumVisualStudioVersion = 10.0.40219.1
Project("{FAE04EC0-301F-11D3-BF4B-00C04F79EFBC}") = "utssoal2", "utssoal2\utssoal2.csproj", "{26ABDE8E-70F6-4797-B1A3-9CE338E01FF8}"
EndProject
Global
	GlobalSection(SolutionConfigurationPlatforms) = preSolution
		Debug|Any CPU = Debug|Any CPU
		Release|Any CPU = Release|Any CPU
	EndGlobalSection
	GlobalSection(ProjectConfigurationPlatforms) = postSolution
		{26ABDE8E-70F6-4797-B1A3-9CE338E01FF8}.Debug|Any CPU.ActiveCfg = Debug|Any CPU
		{26ABDE8E-70F6-4797-B1A3-9CE338E01FF8}.Debug|Any CPU.Build.0 = Debug|Any CPU
		{26ABDE8E-70F6-4797-B1A3-9CE338E01FF8}.Release|Any CPU.ActiveCfg = Release|Any CPU
		{26ABDE8E-70F6-4797-B1A3-9CE338E01FF8}.Release|Any CPU.Build.0 = Release|Any CPU
	EndGlobalSection
	GlobalSection(SolutionProperties) = preSolution
		HideSolutionNode = FALSE
	EndGlobalSection
	GlobalSection(ExtensibilityGlobals) = postSolution
		SolutionGuid = {80CFC2DA-48D9-4B39-B4A1-915E4DF3D457}
	EndGlobalSection
EndGlobal
